
Microsoft Visual Studio Solution File, Format Version 12.00
# Visual Studio Version 17
VisualStudioVersion = 17.11.35327.3
MinimumVisualStudioVersion = 10.0.40219.1
Project("{FAE04EC0-301F-11D3-BF4B-00C04F79EFBC}") = "Project_Concerts", "Project_Concerts\Project_Concerts.csproj", "{6BFC9310-3B7B-4CFB-AC8D-35A68BEDD01A}"
EndProject
Project("{FAE04EC0-301F-11D3-BF4B-00C04F79EFBC}") = "Concerts", "Concerts\Concerts.csproj", "{4BEBFCB6-0018-4DA6-BF59-6292AE79E237}"
EndProject
Project("{FAE04EC0-301F-11D3-BF4B-00C04F79EFBC}") = "UnitTests", "UnitTests\UnitTests.csproj", "{C7EA4A03-8853-4FD2-8CF6-2DB6EE9DEE84}"
EndProject
Global
	GlobalSection(SolutionConfigurationPlatforms) = preSolution
		Debug|Any CPU = Debug|Any CPU
		Release|Any CPU = Release|Any CPU
	EndGlobalSection
	GlobalSection(ProjectConfigurationPlatforms) = postSolution
		{6BFC9310-3B7B-4CFB-AC8D-35A68BEDD01A}.Debug|Any CPU.ActiveCfg = Debug|Any CPU
		{6BFC9310-3B7B-4CFB-AC8D-35A68BEDD01A}.Debug|Any CPU.Build.0 = Debug|Any CPU
		{6BFC9310-3B7B-4CFB-AC8D-35A68BEDD01A}.Release|Any CPU.ActiveCfg = Release|Any CPU
		{6BFC9310-3B7B-4CFB-AC8D-35A68BEDD01A}.Release|Any CPU.Build.0 = Release|Any CPU
		{4BEBFCB6-0018-4DA6-BF59-6292AE79E237}.Debug|Any CPU.ActiveCfg = Debug|Any CPU
		{4BEBFCB6-0018-4DA6-BF59-6292AE79E237}.Debug|Any CPU.Build.0 = Debug|Any CPU
		{4BEBFCB6-0018-4DA6-BF59-6292AE79E237}.Release|Any CPU.ActiveCfg = Release|Any CPU
		{4BEBFCB6-0018-4DA6-BF59-6292AE79E237}.Release|Any CPU.Build.0 = Release|Any CPU
		{C7EA4A03-8853-4FD2-8CF6-2DB6EE9DEE84}.Debug|Any CPU.ActiveCfg = Debug|Any CPU
		{C7EA4A03-8853-4FD2-8CF6-2DB6EE9DEE84}.Debug|Any CPU.Build.0 = Debug|Any CPU
		{C7EA4A03-8853-4FD2-8CF6-2DB6EE9DEE84}.Release|Any CPU.ActiveCfg = Release|Any CPU
		{C7EA4A03-8853-4FD2-8CF6-2DB6EE9DEE84}.Release|Any CPU.Build.0 = Release|Any CPU
	EndGlobalSection
	GlobalSection(SolutionProperties) = preSolution
		HideSolutionNode = FALSE
	EndGlobalSection
	GlobalSection(ExtensibilityGlobals) = postSolution
		SolutionGuid = {F788AC3A-584A-4B13-90E1-46AEE28366FF}
	EndGlobalSection
EndGlobal
